
Microsoft Visual Studio Solution File, Format Version 12.00
# Visual Studio Version 17
VisualStudioVersion = 17.3.32922.545
MinimumVisualStudioVersion = 10.0.40219.1
Project("{9A19103F-16F7-4668-BE54-9A1E7A4F7556}") = "FFsmart", "FFsmart\FFsmart.csproj", "{014BD052-78FA-4313-BD93-B14FAF850312}"
EndProject
Global
	GlobalSection(SolutionConfigurationPlatforms) = preSolution
		Debug|Any CPU = Debug|Any CPU
		Release|Any CPU = Release|Any CPU
	EndGlobalSection
	GlobalSection(ProjectConfigurationPlatforms) = postSolution
		{014BD052-78FA-4313-BD93-B14FAF850312}.Debug|Any CPU.ActiveCfg = Debug|Any CPU
		{014BD052-78FA-4313-BD93-B14FAF850312}.Debug|Any CPU.Build.0 = Debug|Any CPU
		{014BD052-78FA-4313-BD93-B14FAF850312}.Release|Any CPU.ActiveCfg = Release|Any CPU
		{014BD052-78FA-4313-BD93-B14FAF850312}.Release|Any CPU.Build.0 = Release|Any CPU
	EndGlobalSection
	GlobalSection(SolutionProperties) = preSolution
		HideSolutionNode = FALSE
	EndGlobalSection
	GlobalSection(ExtensibilityGlobals) = postSolution
		SolutionGuid = {75E55D53-1D3C-4D9A-B360-6CABBF3E10C8}
	EndGlobalSection
EndGlobal
